
Microsoft Visual Studio Solution File, Format Version 12.00
# Visual Studio 15
VisualStudioVersion = 15.0.28307.421
MinimumVisualStudioVersion = 10.0.40219.1
Project("{FAE04EC0-301F-11D3-BF4B-00C04F79EFBC}") = "Sales.Android", "Sales\Sales.Android\Sales.Android.csproj", "{EDCBB119-65F0-40C1-A763-F200339C3A36}"
EndProject
Project("{FAE04EC0-301F-11D3-BF4B-00C04F79EFBC}") = "Sales.iOS", "Sales\Sales.iOS\Sales.iOS.csproj", "{1318F5AB-B738-40BB-8B57-D506CEEF9BAD}"
EndProject
Project("{FAE04EC0-301F-11D3-BF4B-00C04F79EFBC}") = "Sales.UWP", "Sales\Sales.UWP\Sales.UWP.csproj", "{8EF375F0-2DBA-4E58-A00B-EDC2FA19A832}"
EndProject
Project("{FAE04EC0-301F-11D3-BF4B-00C04F79EFBC}") = "Sales", "Sales\Sales\Sales.csproj", "{675795F0-7790-4B44-BD60-651E4EA4D0A3}"
EndProject
Project("{FAE04EC0-301F-11D3-BF4B-00C04F79EFBC}") = "Sales.Backend", "Sales.Backend\Sales.Backend.csproj", "{1EFA2A19-7D62-4530-9F5F-C99A87A7A1BB}"
EndProject
Project("{FAE04EC0-301F-11D3-BF4B-00C04F79EFBC}") = "Sales.API", "Sales.API\Sales.API.csproj", "{A2A5C190-0CA7-4C3C-BA96-37C8E68EEF55}"
EndProject
Project("{FAE04EC0-301F-11D3-BF4B-00C04F79EFBC}") = "Sales.Domain", "Sales.Domain\Sales.Domain.csproj", "{E6329D8B-DD02-4315-8F49-45CBA79E638C}"
EndProject
Project("{FAE04EC0-301F-11D3-BF4B-00C04F79EFBC}") = "Sales.Common", "Sales.Common\Sales.Common.csproj", "{18BA974C-AE85-4AA1-8508-C9289F5EF040}"
EndProject
Global
	GlobalSection(SolutionConfigurationPlatforms) = preSolution
		Ad-Hoc|Any CPU = Ad-Hoc|Any CPU
		Ad-Hoc|ARM = Ad-Hoc|ARM
		Ad-Hoc|iPhone = Ad-Hoc|iPhone
		Ad-Hoc|iPhoneSimulator = Ad-Hoc|iPhoneSimulator
		Ad-Hoc|x64 = Ad-Hoc|x64
		Ad-Hoc|x86 = Ad-Hoc|x86
		AppStore|Any CPU = AppStore|Any CPU
		AppStore|ARM = AppStore|ARM
		AppStore|iPhone = AppStore|iPhone
		AppStore|iPhoneSimulator = AppStore|iPhoneSimulator
		AppStore|x64 = AppStore|x64
		AppStore|x86 = AppStore|x86
		Debug|Any CPU = Debug|Any CPU
		Debug|ARM = Debug|ARM
		Debug|iPhone = Debug|iPhone
		Debug|iPhoneSimulator = Debug|iPhoneSimulator
		Debug|x64 = Debug|x64
		Debug|x86 = Debug|x86
		Release|Any CPU = Release|Any CPU
		Release|ARM = Release|ARM
		Release|iPhone = Release|iPhone
		Release|iPhoneSimulator = Release|iPhoneSimulator
		Release|x64 = Release|x64
		Release|x86 = Release|x86
	EndGlobalSection
	GlobalSection(ProjectConfigurationPlatforms) = postSolution
		{EDCBB119-65F0-40C1-A763-F200339C3A36}.Ad-Hoc|Any CPU.ActiveCfg = Release|Any CPU
		{EDCBB119-65F0-40C1-A763-F200339C3A36}.Ad-Hoc|Any CPU.Build.0 = Release|Any CPU
		{EDCBB119-65F0-40C1-A763-F200339C3A36}.Ad-Hoc|Any CPU.Deploy.0 = Release|Any CPU
		{EDCBB119-65F0-40C1-A763-F200339C3A36}.Ad-Hoc|ARM.ActiveCfg = Release|Any CPU
		{EDCBB119-65F0-40C1-A763-F200339C3A36}.Ad-Hoc|ARM.Build.0 = Release|Any CPU
		{EDCBB119-65F0-40C1-A763-F200339C3A36}.Ad-Hoc|ARM.Deploy.0 = Release|Any CPU
		{EDCBB119-65F0-40C1-A763-F200339C3A36}.Ad-Hoc|iPhone.ActiveCfg = Release|Any CPU
		{EDCBB119-65F0-40C1-A763-F200339C3A36}.Ad-Hoc|iPhone.Build.0 = Release|Any CPU
		{EDCBB119-65F0-40C1-A763-F200339C3A36}.Ad-Hoc|iPhone.Deploy.0 = Release|Any CPU
		{EDCBB119-65F0-40C1-A763-F200339C3A36}.Ad-Hoc|iPhoneSimulator.ActiveCfg = Release|Any CPU
		{EDCBB119-65F0-40C1-A763-F200339C3A36}.Ad-Hoc|iPhoneSimulator.Build.0 = Release|Any CPU
		{EDCBB119-65F0-40C1-A763-F200339C3A36}.Ad-Hoc|iPhoneSimulator.Deploy.0 = Release|Any CPU
		{EDCBB119-65F0-40C1-A763-F200339C3A36}.Ad-Hoc|x64.ActiveCfg = Release|Any CPU
		{EDCBB119-65F0-40C1-A763-F200339C3A36}.Ad-Hoc|x64.Build.0 = Release|Any CPU
		{EDCBB119-65F0-40C1-A763-F200339C3A36}.Ad-Hoc|x64.Deploy.0 = Release|Any CPU
		{EDCBB119-65F0-40C1-A763-F200339C3A36}.Ad-Hoc|x86.ActiveCfg = Release|Any CPU
		{EDCBB119-65F0-40C1-A763-F200339C3A36}.Ad-Hoc|x86.Build.0 = Release|Any CPU
		{EDCBB119-65F0-40C1-A763-F200339C3A36}.Ad-Hoc|x86.Deploy.0 = Release|Any CPU
		{EDCBB119-65F0-40C1-A763-F200339C3A36}.AppStore|Any CPU.ActiveCfg = Release|Any CPU
		{EDCBB119-65F0-40C1-A763-F200339C3A36}.AppStore|Any CPU.Build.0 = Release|Any CPU
		{EDCBB119-65F0-40C1-A763-F200339C3A36}.AppStore|Any CPU.Deploy.0 = Release|Any CPU
		{EDCBB119-65F0-40C1-A763-F200339C3A36}.AppStore|ARM.ActiveCfg = Release|Any CPU
		{EDCBB119-65F0-40C1-A763-F200339C3A36}.AppStore|ARM.Build.0 = Release|Any CPU
		{EDCBB119-65F0-40C1-A763-F200339C3A36}.AppStore|ARM.Deploy.0 = Release|Any CPU
		{EDCBB119-65F0-40C1-A763-F200339C3A36}.AppStore|iPhone.ActiveCfg = Release|Any CPU
		{EDCBB119-65F0-40C1-A763-F200339C3A36}.AppStore|iPhone.Build.0 = Release|Any CPU
		{EDCBB119-65F0-40C1-A763-F200339C3A36}.AppStore|iPhone.Deploy.0 = Release|Any CPU
		{EDCBB119-65F0-40C1-A763-F200339C3A36}.AppStore|iPhoneSimulator.ActiveCfg = Release|Any CPU
		{EDCBB119-65F0-40C1-A763-F200339C3A36}.AppStore|iPhoneSimulator.Build.0 = Release|Any CPU
		{EDCBB119-65F0-40C1-A763-F200339C3A36}.AppStore|iPhoneSimulator.Deploy.0 = Release|Any CPU
		{EDCBB119-65F0-40C1-A763-F200339C3A36}.AppStore|x64.ActiveCfg = Release|Any CPU
		{EDCBB119-65F0-40C1-A763-F200339C3A36}.AppStore|x64.Build.0 = Release|Any CPU
		{EDCBB119-65F0-40C1-A763-F200339C3A36}.AppStore|x64.Deploy.0 = Release|Any CPU
		{EDCBB119-65F0-40C1-A763-F200339C3A36}.AppStore|x86.ActiveCfg = Release|Any CPU
		{EDCBB119-65F0-40C1-A763-F200339C3A36}.AppStore|x86.Build.0 = Release|Any CPU
		{EDCBB119-65F0-40C1-A763-F200339C3A36}.AppStore|x86.Deploy.0 = Release|Any CPU
		{EDCBB119-65F0-40C1-A763-F200339C3A36}.Debug|Any CPU.ActiveCfg = Debug|Any CPU
		{EDCBB119-65F0-40C1-A763-F200339C3A36}.Debug|Any CPU.Build.0 = Debug|Any CPU
		{EDCBB119-65F0-40C1-A763-F200339C3A36}.Debug|Any CPU.Deploy.0 = Debug|Any CPU
		{EDCBB119-65F0-40C1-A763-F200339C3A36}.Debug|ARM.ActiveCfg = Debug|Any CPU
		{EDCBB119-65F0-40C1-A763-F200339C3A36}.Debug|ARM.Build.0 = Debug|Any CPU
		{EDCBB119-65F0-40C1-A763-F200339C3A36}.Debug|ARM.Deploy.0 = Debug|Any CPU
		{EDCBB119-65F0-40C1-A763-F200339C3A36}.Debug|iPhone.ActiveCfg = Debug|Any CPU
		{EDCBB119-65F0-40C1-A763-F200339C3A36}.Debug|iPhone.Build.0 = Debug|Any CPU
		{EDCBB119-65F0-40C1-A763-F200339C3A36}.Debug|iPhone.Deploy.0 = Debug|Any CPU
		{EDCBB119-65F0-40C1-A763-F200339C3A36}.Debug|iPhoneSimulator.ActiveCfg = Debug|Any CPU
		{EDCBB119-65F0-40C1-A763-F200339C3A36}.Debug|iPhoneSimulator.Build.0 = Debug|Any CPU
		{EDCBB119-65F0-40C1-A763-F200339C3A36}.Debug|iPhoneSimulator.Deploy.0 = Debug|Any CPU
		{EDCBB119-65F0-40C1-A763-F200339C3A36}.Debug|x64.ActiveCfg = Debug|Any CPU
		{EDCBB119-65F0-40C1-A763-F200339C3A36}.Debug|x64.Build.0 = Debug|Any CPU
		{EDCBB119-65F0-40C1-A763-F200339C3A36}.Debug|x64.Deploy.0 = Debug|Any CPU
		{EDCBB119-65F0-40C1-A763-F200339C3A36}.Debug|x86.ActiveCfg = Debug|Any CPU
		{EDCBB119-65F0-40C1-A763-F200339C3A36}.Debug|x86.Build.0 = Debug|Any CPU
		{EDCBB119-65F0-40C1-A763-F200339C3A36}.Debug|x86.Deploy.0 = Debug|Any CPU
		{EDCBB119-65F0-40C1-A763-F200339C3A36}.Release|Any CPU.ActiveCfg = Release|Any CPU
		{EDCBB119-65F0-40C1-A763-F200339C3A36}.Release|Any CPU.Build.0 = Release|Any CPU
		{EDCBB119-65F0-40C1-A763-F200339C3A36}.Release|Any CPU.Deploy.0 = Release|Any CPU
		{EDCBB119-65F0-40C1-A763-F200339C3A36}.Release|ARM.ActiveCfg = Release|Any CPU
		{EDCBB119-65F0-40C1-A763-F200339C3A36}.Release|ARM.Build.0 = Release|Any CPU
		{EDCBB119-65F0-40C1-A763-F200339C3A36}.Release|ARM.Deploy.0 = Release|Any CPU
		{EDCBB119-65F0-40C1-A763-F200339C3A36}.Release|iPhone.ActiveCfg = Release|Any CPU
		{EDCBB119-65F0-40C1-A763-F200339C3A36}.Release|iPhone.Build.0 = Release|Any CPU
		{EDCBB119-65F0-40C1-A763-F200339C3A36}.Release|iPhone.Deploy.0 = Release|Any CPU
		{EDCBB119-65F0-40C1-A763-F200339C3A36}.Release|iPhoneSimulator.ActiveCfg = Release|Any CPU
		{EDCBB119-65F0-40C1-A763-F200339C3A36}.Release|iPhoneSimulator.Build.0 = Release|Any CPU
		{EDCBB119-65F0-40C1-A763-F200339C3A36}.Release|iPhoneSimulator.Deploy.0 = Release|Any CPU
		{EDCBB119-65F0-40C1-A763-F200339C3A36}.Release|x64.ActiveCfg = Release|Any CPU
		{EDCBB119-65F0-40C1-A763-F200339C3A36}.Release|x64.Build.0 = Release|Any CPU
		{EDCBB119-65F0-40C1-A763-F200339C3A36}.Release|x64.Deploy.0 = Release|Any CPU
		{EDCBB119-65F0-40C1-A763-F200339C3A36}.Release|x86.ActiveCfg = Release|Any CPU
		{EDCBB119-65F0-40C1-A763-F200339C3A36}.Release|x86.Build.0 = Release|Any CPU
		{EDCBB119-65F0-40C1-A763-F200339C3A36}.Release|x86.Deploy.0 = Release|Any CPU
		{1318F5AB-B738-40BB-8B57-D506CEEF9BAD}.Ad-Hoc|Any CPU.ActiveCfg = Ad-Hoc|iPhone
		{1318F5AB-B738-40BB-8B57-D506CEEF9BAD}.Ad-Hoc|Any CPU.Build.0 = Ad-Hoc|iPhone
		{1318F5AB-B738-40BB-8B57-D506CEEF9BAD}.Ad-Hoc|Any CPU.Deploy.0 = Ad-Hoc|iPhone
		{1318F5AB-B738-40BB-8B57-D506CEEF9BAD}.Ad-Hoc|ARM.ActiveCfg = Ad-Hoc|iPhone
		{1318F5AB-B738-40BB-8B57-D506CEEF9BAD}.Ad-Hoc|ARM.Build.0 = Ad-Hoc|iPhone
		{1318F5AB-B738-40BB-8B57-D506CEEF9BAD}.Ad-Hoc|ARM.Deploy.0 = Ad-Hoc|iPhone
		{1318F5AB-B738-40BB-8B57-D506CEEF9BAD}.Ad-Hoc|iPhone.ActiveCfg = Ad-Hoc|iPhone
		{1318F5AB-B738-40BB-8B57-D506CEEF9BAD}.Ad-Hoc|iPhone.Build.0 = Ad-Hoc|iPhone
		{1318F5AB-B738-40BB-8B57-D506CEEF9BAD}.Ad-Hoc|iPhone.Deploy.0 = Ad-Hoc|iPhone
		{1318F5AB-B738-40BB-8B57-D506CEEF9BAD}.Ad-Hoc|iPhoneSimulator.ActiveCfg = Ad-Hoc|iPhoneSimulator
		{1318F5AB-B738-40BB-8B57-D506CEEF9BAD}.Ad-Hoc|iPhoneSimulator.Build.0 = Ad-Hoc|iPhoneSimulator
		{1318F5AB-B738-40BB-8B57-D506CEEF9BAD}.Ad-Hoc|iPhoneSimulator.Deploy.0 = Ad-Hoc|iPhoneSimulator
		{1318F5AB-B738-40BB-8B57-D506CEEF9BAD}.Ad-Hoc|x64.ActiveCfg = Ad-Hoc|iPhone
		{1318F5AB-B738-40BB-8B57-D506CEEF9BAD}.Ad-Hoc|x64.Build.0 = Ad-Hoc|iPhone
		{1318F5AB-B738-40BB-8B57-D506CEEF9BAD}.Ad-Hoc|x64.Deploy.0 = Ad-Hoc|iPhone
		{1318F5AB-B738-40BB-8B57-D506CEEF9BAD}.Ad-Hoc|x86.ActiveCfg = Ad-Hoc|iPhone
		{1318F5AB-B738-40BB-8B57-D506CEEF9BAD}.Ad-Hoc|x86.Build.0 = Ad-Hoc|iPhone
		{1318F5AB-B738-40BB-8B57-D506CEEF9BAD}.Ad-Hoc|x86.Deploy.0 = Ad-Hoc|iPhone
		{1318F5AB-B738-40BB-8B57-D506CEEF9BAD}.AppStore|Any CPU.ActiveCfg = AppStore|iPhone
		{1318F5AB-B738-40BB-8B57-D506CEEF9BAD}.AppStore|Any CPU.Build.0 = AppStore|iPhone
		{1318F5AB-B738-40BB-8B57-D506CEEF9BAD}.AppStore|Any CPU.Deploy.0 = AppStore|iPhone
		{1318F5AB-B738-40BB-8B57-D506CEEF9BAD}.AppStore|ARM.ActiveCfg = AppStore|iPhone
		{1318F5AB-B738-40BB-8B57-D506CEEF9BAD}.AppStore|ARM.Build.0 = AppStore|iPhone
		{1318F5AB-B738-40BB-8B57-D506CEEF9BAD}.AppStore|ARM.Deploy.0 = AppStore|iPhone
		{1318F5AB-B738-40BB-8B57-D506CEEF9BAD}.AppStore|iPhone.ActiveCfg = AppStore|iPhone
		{1318F5AB-B738-40BB-8B57-D506CEEF9BAD}.AppStore|iPhone.Build.0 = AppStore|iPhone
		{1318F5AB-B738-40BB-8B57-D506CEEF9BAD}.AppStore|iPhone.Deploy.0 = AppStore|iPhone
		{1318F5AB-B738-40BB-8B57-D506CEEF9BAD}.AppStore|iPhoneSimulator.ActiveCfg = AppStore|iPhoneSimulator
		{1318F5AB-B738-40BB-8B57-D506CEEF9BAD}.AppStore|iPhoneSimulator.Build.0 = AppStore|iPhoneSimulator
		{1318F5AB-B738-40BB-8B57-D506CEEF9BAD}.AppStore|iPhoneSimulator.Deploy.0 = AppStore|iPhoneSimulator
		{1318F5AB-B738-40BB-8B57-D506CEEF9BAD}.AppStore|x64.ActiveCfg = AppStore|iPhone
		{1318F5AB-B738-40BB-8B57-D506CEEF9BAD}.AppStore|x64.Build.0 = AppStore|iPhone
		{1318F5AB-B738-40BB-8B57-D506CEEF9BAD}.AppStore|x64.Deploy.0 = AppStore|iPhone
		{1318F5AB-B738-40BB-8B57-D506CEEF9BAD}.AppStore|x86.ActiveCfg = AppStore|iPhone
		{1318F5AB-B738-40BB-8B57-D506CEEF9BAD}.AppStore|x86.Build.0 = AppStore|iPhone
		{1318F5AB-B738-40BB-8B57-D506CEEF9BAD}.AppStore|x86.Deploy.0 = AppStore|iPhone
		{1318F5AB-B738-40BB-8B57-D506CEEF9BAD}.Debug|Any CPU.ActiveCfg = Debug|iPhoneSimulator
		{1318F5AB-B738-40BB-8B57-D506CEEF9BAD}.Debug|Any CPU.Build.0 = Debug|iPhoneSimulator
		{1318F5AB-B738-40BB-8B57-D506CEEF9BAD}.Debug|Any CPU.Deploy.0 = Debug|iPhoneSimulator
		{1318F5AB-B738-40BB-8B57-D506CEEF9BAD}.Debug|ARM.ActiveCfg = Debug|iPhone
		{1318F5AB-B738-40BB-8B57-D506CEEF9BAD}.Debug|ARM.Build.0 = Debug|iPhone
		{1318F5AB-B738-40BB-8B57-D506CEEF9BAD}.Debug|ARM.Deploy.0 = Debug|iPhone
		{1318F5AB-B738-40BB-8B57-D506CEEF9BAD}.Debug|iPhone.ActiveCfg = Debug|iPhone
		{1318F5AB-B738-40BB-8B57-D506CEEF9BAD}.Debug|iPhone.Build.0 = Debug|iPhone
		{1318F5AB-B738-40BB-8B57-D506CEEF9BAD}.Debug|iPhone.Deploy.0 = Debug|iPhone
		{1318F5AB-B738-40BB-8B57-D506CEEF9BAD}.Debug|iPhoneSimulator.ActiveCfg = Debug|iPhoneSimulator
		{1318F5AB-B738-40BB-8B57-D506CEEF9BAD}.Debug|iPhoneSimulator.Build.0 = Debug|iPhoneSimulator
		{1318F5AB-B738-40BB-8B57-D506CEEF9BAD}.Debug|iPhoneSimulator.Deploy.0 = Debug|iPhoneSimulator
		{1318F5AB-B738-40BB-8B57-D506CEEF9BAD}.Debug|x64.ActiveCfg = Debug|iPhone
		{1318F5AB-B738-40BB-8B57-D506CEEF9BAD}.Debug|x64.Build.0 = Debug|iPhone
		{1318F5AB-B738-40BB-8B57-D506CEEF9BAD}.Debug|x64.Deploy.0 = Debug|iPhone
		{1318F5AB-B738-40BB-8B57-D506CEEF9BAD}.Debug|x86.ActiveCfg = Debug|iPhone
		{1318F5AB-B738-40BB-8B57-D506CEEF9BAD}.Debug|x86.Build.0 = Debug|iPhone
		{1318F5AB-B738-40BB-8B57-D506CEEF9BAD}.Debug|x86.Deploy.0 = Debug|iPhone
		{1318F5AB-B738-40BB-8B57-D506CEEF9BAD}.Release|Any CPU.ActiveCfg = Release|iPhone
		{1318F5AB-B738-40BB-8B57-D506CEEF9BAD}.Release|Any CPU.Build.0 = Release|iPhone
		{1318F5AB-B738-40BB-8B57-D506CEEF9BAD}.Release|Any CPU.Deploy.0 = Release|iPhone
		{1318F5AB-B738-40BB-8B57-D506CEEF9BAD}.Release|ARM.ActiveCfg = Release|iPhone
		{1318F5AB-B738-40BB-8B57-D506CEEF9BAD}.Release|ARM.Build.0 = Release|iPhone
		{1318F5AB-B738-40BB-8B57-D506CEEF9BAD}.Release|ARM.Deploy.0 = Release|iPhone
		{1318F5AB-B738-40BB-8B57-D506CEEF9BAD}.Release|iPhone.ActiveCfg = Release|iPhone
		{1318F5AB-B738-40BB-8B57-D506CEEF9BAD}.Release|iPhone.Build.0 = Release|iPhone
		{1318F5AB-B738-40BB-8B57-D506CEEF9BAD}.Release|iPhone.Deploy.0 = Release|iPhone
		{1318F5AB-B738-40BB-8B57-D506CEEF9BAD}.Release|iPhoneSimulator.ActiveCfg = Release|iPhoneSimulator
		{1318F5AB-B738-40BB-8B57-D506CEEF9BAD}.Release|iPhoneSimulator.Build.0 = Release|iPhoneSimulator
		{1318F5AB-B738-40BB-8B57-D506CEEF9BAD}.Release|iPhoneSimulator.Deploy.0 = Release|iPhoneSimulator
		{1318F5AB-B738-40BB-8B57-D506CEEF9BAD}.Release|x64.ActiveCfg = Release|iPhone
		{1318F5AB-B738-40BB-8B57-D506CEEF9BAD}.Release|x64.Build.0 = Release|iPhone
		{1318F5AB-B738-40BB-8B57-D506CEEF9BAD}.Release|x64.Deploy.0 = Release|iPhone
		{1318F5AB-B738-40BB-8B57-D506CEEF9BAD}.Release|x86.ActiveCfg = Release|iPhone
		{1318F5AB-B738-40BB-8B57-D506CEEF9BAD}.Release|x86.Build.0 = Release|iPhone
		{1318F5AB-B738-40BB-8B57-D506CEEF9BAD}.Release|x86.Deploy.0 = Release|iPhone
		{8EF375F0-2DBA-4E58-A00B-EDC2FA19A832}.Ad-Hoc|Any CPU.ActiveCfg = Release|x86
		{8EF375F0-2DBA-4E58-A00B-EDC2FA19A832}.Ad-Hoc|Any CPU.Build.0 = Release|x86
		{8EF375F0-2DBA-4E58-A00B-EDC2FA19A832}.Ad-Hoc|Any CPU.Deploy.0 = Release|x86
		{8EF375F0-2DBA-4E58-A00B-EDC2FA19A832}.Ad-Hoc|ARM.ActiveCfg = Release|ARM
		{8EF375F0-2DBA-4E58-A00B-EDC2FA19A832}.Ad-Hoc|ARM.Build.0 = Release|ARM
		{8EF375F0-2DBA-4E58-A00B-EDC2FA19A832}.Ad-Hoc|ARM.Deploy.0 = Release|ARM
		{8EF375F0-2DBA-4E58-A00B-EDC2FA19A832}.Ad-Hoc|iPhone.ActiveCfg = Release|x86
		{8EF375F0-2DBA-4E58-A00B-EDC2FA19A832}.Ad-Hoc|iPhone.Build.0 = Release|x86
		{8EF375F0-2DBA-4E58-A00B-EDC2FA19A832}.Ad-Hoc|iPhone.Deploy.0 = Release|x86
		{8EF375F0-2DBA-4E58-A00B-EDC2FA19A832}.Ad-Hoc|iPhoneSimulator.ActiveCfg = Release|x86
		{8EF375F0-2DBA-4E58-A00B-EDC2FA19A832}.Ad-Hoc|iPhoneSimulator.Build.0 = Release|x86
		{8EF375F0-2DBA-4E58-A00B-EDC2FA19A832}.Ad-Hoc|iPhoneSimulator.Deploy.0 = Release|x86
		{8EF375F0-2DBA-4E58-A00B-EDC2FA19A832}.Ad-Hoc|x64.ActiveCfg = Release|x64
		{8EF375F0-2DBA-4E58-A00B-EDC2FA19A832}.Ad-Hoc|x64.Build.0 = Release|x64
		{8EF375F0-2DBA-4E58-A00B-EDC2FA19A832}.Ad-Hoc|x64.Deploy.0 = Release|x64
		{8EF375F0-2DBA-4E58-A00B-EDC2FA19A832}.Ad-Hoc|x86.ActiveCfg = Release|x86
		{8EF375F0-2DBA-4E58-A00B-EDC2FA19A832}.Ad-Hoc|x86.Build.0 = Release|x86
		{8EF375F0-2DBA-4E58-A00B-EDC2FA19A832}.Ad-Hoc|x86.Deploy.0 = Release|x86
		{8EF375F0-2DBA-4E58-A00B-EDC2FA19A832}.AppStore|Any CPU.ActiveCfg = Release|x86
		{8EF375F0-2DBA-4E58-A00B-EDC2FA19A832}.AppStore|Any CPU.Build.0 = Release|x86
		{8EF375F0-2DBA-4E58-A00B-EDC2FA19A832}.AppStore|Any CPU.Deploy.0 = Release|x86
		{8EF375F0-2DBA-4E58-A00B-EDC2FA19A832}.AppStore|ARM.ActiveCfg = Release|ARM
		{8EF375F0-2DBA-4E58-A00B-EDC2FA19A832}.AppStore|ARM.Build.0 = Release|ARM
		{8EF375F0-2DBA-4E58-A00B-EDC2FA19A832}.AppStore|ARM.Deploy.0 = Release|ARM
		{8EF375F0-2DBA-4E58-A00B-EDC2FA19A832}.AppStore|iPhone.ActiveCfg = Release|x86
		{8EF375F0-2DBA-4E58-A00B-EDC2FA19A832}.AppStore|iPhone.Build.0 = Release|x86
		{8EF375F0-2DBA-4E58-A00B-EDC2FA19A832}.AppStore|iPhone.Deploy.0 = Release|x86
		{8EF375F0-2DBA-4E58-A00B-EDC2FA19A832}.AppStore|iPhoneSimulator.ActiveCfg = Release|x86
		{8EF375F0-2DBA-4E58-A00B-EDC2FA19A832}.AppStore|iPhoneSimulator.Build.0 = Release|x86
		{8EF375F0-2DBA-4E58-A00B-EDC2FA19A832}.AppStore|iPhoneSimulator.Deploy.0 = Release|x86
		{8EF375F0-2DBA-4E58-A00B-EDC2FA19A832}.AppStore|x64.ActiveCfg = Release|x64
		{8EF375F0-2DBA-4E58-A00B-EDC2FA19A832}.AppStore|x64.Build.0 = Release|x64
		{8EF375F0-2DBA-4E58-A00B-EDC2FA19A832}.AppStore|x64.Deploy.0 = Release|x64
		{8EF375F0-2DBA-4E58-A00B-EDC2FA19A832}.AppStore|x86.ActiveCfg = Release|x86
		{8EF375F0-2DBA-4E58-A00B-EDC2FA19A832}.AppStore|x86.Build.0 = Release|x86
		{8EF375F0-2DBA-4E58-A00B-EDC2FA19A832}.AppStore|x86.Deploy.0 = Release|x86
		{8EF375F0-2DBA-4E58-A00B-EDC2FA19A832}.Debug|Any CPU.ActiveCfg = Debug|x86
		{8EF375F0-2DBA-4E58-A00B-EDC2FA19A832}.Debug|Any CPU.Build.0 = Debug|x86
		{8EF375F0-2DBA-4E58-A00B-EDC2FA19A832}.Debug|Any CPU.Deploy.0 = Debug|x86
		{8EF375F0-2DBA-4E58-A00B-EDC2FA19A832}.Debug|ARM.ActiveCfg = Debug|ARM
		{8EF375F0-2DBA-4E58-A00B-EDC2FA19A832}.Debug|ARM.Build.0 = Debug|ARM
		{8EF375F0-2DBA-4E58-A00B-EDC2FA19A832}.Debug|ARM.Deploy.0 = Debug|ARM
		{8EF375F0-2DBA-4E58-A00B-EDC2FA19A832}.Debug|iPhone.ActiveCfg = Debug|x86
		{8EF375F0-2DBA-4E58-A00B-EDC2FA19A832}.Debug|iPhone.Build.0 = Debug|x86
		{8EF375F0-2DBA-4E58-A00B-EDC2FA19A832}.Debug|iPhone.Deploy.0 = Debug|x86
		{8EF375F0-2DBA-4E58-A00B-EDC2FA19A832}.Debug|iPhoneSimulator.ActiveCfg = Debug|x86
		{8EF375F0-2DBA-4E58-A00B-EDC2FA19A832}.Debug|iPhoneSimulator.Build.0 = Debug|x86
		{8EF375F0-2DBA-4E58-A00B-EDC2FA19A832}.Debug|iPhoneSimulator.Deploy.0 = Debug|x86
		{8EF375F0-2DBA-4E58-A00B-EDC2FA19A832}.Debug|x64.ActiveCfg = Debug|x64
		{8EF375F0-2DBA-4E58-A00B-EDC2FA19A832}.Debug|x64.Build.0 = Debug|x64
		{8EF375F0-2DBA-4E58-A00B-EDC2FA19A832}.Debug|x64.Deploy.0 = Debug|x64
		{8EF375F0-2DBA-4E58-A00B-EDC2FA19A832}.Debug|x86.ActiveCfg = Debug|x86
		{8EF375F0-2DBA-4E58-A00B-EDC2FA19A832}.Debug|x86.Build.0 = Debug|x86
		{8EF375F0-2DBA-4E58-A00B-EDC2FA19A832}.Debug|x86.Deploy.0 = Debug|x86
		{8EF375F0-2DBA-4E58-A00B-EDC2FA19A832}.Release|Any CPU.ActiveCfg = Release|x86
		{8EF375F0-2DBA-4E58-A00B-EDC2FA19A832}.Release|Any CPU.Build.0 = Release|x86
		{8EF375F0-2DBA-4E58-A00B-EDC2FA19A832}.Release|Any CPU.Deploy.0 = Release|x86
		{8EF375F0-2DBA-4E58-A00B-EDC2FA19A832}.Release|ARM.ActiveCfg = Release|ARM
		{8EF375F0-2DBA-4E58-A00B-EDC2FA19A832}.Release|ARM.Build.0 = Release|ARM
		{8EF375F0-2DBA-4E58-A00B-EDC2FA19A832}.Release|ARM.Deploy.0 = Release|ARM
		{8EF375F0-2DBA-4E58-A00B-EDC2FA19A832}.Release|iPhone.ActiveCfg = Release|x86
		{8EF375F0-2DBA-4E58-A00B-EDC2FA19A832}.Release|iPhone.Build.0 = Release|x86
		{8EF375F0-2DBA-4E58-A00B-EDC2FA19A832}.Release|iPhone.Deploy.0 = Release|x86
		{8EF375F0-2DBA-4E58-A00B-EDC2FA19A832}.Release|iPhoneSimulator.ActiveCfg = Release|x86
		{8EF375F0-2DBA-4E58-A00B-EDC2FA19A832}.Release|iPhoneSimulator.Build.0 = Release|x86
		{8EF375F0-2DBA-4E58-A00B-EDC2FA19A832}.Release|iPhoneSimulator.Deploy.0 = Release|x86
		{8EF375F0-2DBA-4E58-A00B-EDC2FA19A832}.Release|x64.ActiveCfg = Release|x64
		{8EF375F0-2DBA-4E58-A00B-EDC2FA19A832}.Release|x64.Build.0 = Release|x64
		{8EF375F0-2DBA-4E58-A00B-EDC2FA19A832}.Release|x64.Deploy.0 = Release|x64
		{8EF375F0-2DBA-4E58-A00B-EDC2FA19A832}.Release|x86.ActiveCfg = Release|x86
		{8EF375F0-2DBA-4E58-A00B-EDC2FA19A832}.Release|x86.Build.0 = Release|x86
		{8EF375F0-2DBA-4E58-A00B-EDC2FA19A832}.Release|x86.Deploy.0 = Release|x86
		{675795F0-7790-4B44-BD60-651E4EA4D0A3}.Ad-Hoc|Any CPU.ActiveCfg = Debug|Any CPU
		{675795F0-7790-4B44-BD60-651E4EA4D0A3}.Ad-Hoc|Any CPU.Build.0 = Debug|Any CPU
		{675795F0-7790-4B44-BD60-651E4EA4D0A3}.Ad-Hoc|Any CPU.Deploy.0 = Debug|Any CPU
		{675795F0-7790-4B44-BD60-651E4EA4D0A3}.Ad-Hoc|ARM.ActiveCfg = Debug|Any CPU
		{675795F0-7790-4B44-BD60-651E4EA4D0A3}.Ad-Hoc|ARM.Build.0 = Debug|Any CPU
		{675795F0-7790-4B44-BD60-651E4EA4D0A3}.Ad-Hoc|ARM.Deploy.0 = Debug|Any CPU
		{675795F0-7790-4B44-BD60-651E4EA4D0A3}.Ad-Hoc|iPhone.ActiveCfg = Debug|Any CPU
		{675795F0-7790-4B44-BD60-651E4EA4D0A3}.Ad-Hoc|iPhone.Build.0 = Debug|Any CPU
		{675795F0-7790-4B44-BD60-651E4EA4D0A3}.Ad-Hoc|iPhone.Deploy.0 = Debug|Any CPU
		{675795F0-7790-4B44-BD60-651E4EA4D0A3}.Ad-Hoc|iPhoneSimulator.ActiveCfg = Debug|Any CPU
		{675795F0-7790-4B44-BD60-651E4EA4D0A3}.Ad-Hoc|iPhoneSimulator.Build.0 = Debug|Any CPU
		{675795F0-7790-4B44-BD60-651E4EA4D0A3}.Ad-Hoc|iPhoneSimulator.Deploy.0 = Debug|Any CPU
		{675795F0-7790-4B44-BD60-651E4EA4D0A3}.Ad-Hoc|x64.ActiveCfg = Debug|Any CPU
		{675795F0-7790-4B44-BD60-651E4EA4D0A3}.Ad-Hoc|x64.Build.0 = Debug|Any CPU
		{675795F0-7790-4B44-BD60-651E4EA4D0A3}.Ad-Hoc|x64.Deploy.0 = Debug|Any CPU
		{675795F0-7790-4B44-BD60-651E4EA4D0A3}.Ad-Hoc|x86.ActiveCfg = Debug|Any CPU
		{675795F0-7790-4B44-BD60-651E4EA4D0A3}.Ad-Hoc|x86.Build.0 = Debug|Any CPU
		{675795F0-7790-4B44-BD60-651E4EA4D0A3}.Ad-Hoc|x86.Deploy.0 = Debug|Any CPU
		{675795F0-7790-4B44-BD60-651E4EA4D0A3}.AppStore|Any CPU.ActiveCfg = Debug|Any CPU
		{675795F0-7790-4B44-BD60-651E4EA4D0A3}.AppStore|Any CPU.Build.0 = Debug|Any CPU
		{675795F0-7790-4B44-BD60-651E4EA4D0A3}.AppStore|Any CPU.Deploy.0 = Debug|Any CPU
		{675795F0-7790-4B44-BD60-651E4EA4D0A3}.AppStore|ARM.ActiveCfg = Debug|Any CPU
		{675795F0-7790-4B44-BD60-651E4EA4D0A3}.AppStore|ARM.Build.0 = Debug|Any CPU
		{675795F0-7790-4B44-BD60-651E4EA4D0A3}.AppStore|ARM.Deploy.0 = Debug|Any CPU
		{675795F0-7790-4B44-BD60-651E4EA4D0A3}.AppStore|iPhone.ActiveCfg = Debug|Any CPU
		{675795F0-7790-4B44-BD60-651E4EA4D0A3}.AppStore|iPhone.Build.0 = Debug|Any CPU
		{675795F0-7790-4B44-BD60-651E4EA4D0A3}.AppStore|iPhone.Deploy.0 = Debug|Any CPU
		{675795F0-7790-4B44-BD60-651E4EA4D0A3}.AppStore|iPhoneSimulator.ActiveCfg = Debug|Any CPU
		{675795F0-7790-4B44-BD60-651E4EA4D0A3}.AppStore|iPhoneSimulator.Build.0 = Debug|Any CPU
		{675795F0-7790-4B44-BD60-651E4EA4D0A3}.AppStore|iPhoneSimulator.Deploy.0 = Debug|Any CPU
		{675795F0-7790-4B44-BD60-651E4EA4D0A3}.AppStore|x64.ActiveCfg = Debug|Any CPU
		{675795F0-7790-4B44-BD60-651E4EA4D0A3}.AppStore|x64.Build.0 = Debug|Any CPU
		{675795F0-7790-4B44-BD60-651E4EA4D0A3}.AppStore|x64.Deploy.0 = Debug|Any CPU
		{675795F0-7790-4B44-BD60-651E4EA4D0A3}.AppStore|x86.ActiveCfg = Debug|Any CPU
		{675795F0-7790-4B44-BD60-651E4EA4D0A3}.AppStore|x86.Build.0 = Debug|Any CPU
		{675795F0-7790-4B44-BD60-651E4EA4D0A3}.AppStore|x86.Deploy.0 = Debug|Any CPU
		{675795F0-7790-4B44-BD60-651E4EA4D0A3}.Debug|Any CPU.ActiveCfg = Debug|Any CPU
		{675795F0-7790-4B44-BD60-651E4EA4D0A3}.Debug|Any CPU.Build.0 = Debug|Any CPU
		{675795F0-7790-4B44-BD60-651E4EA4D0A3}.Debug|Any CPU.Deploy.0 = Debug|Any CPU
		{675795F0-7790-4B44-BD60-651E4EA4D0A3}.Debug|ARM.ActiveCfg = Debug|Any CPU
		{675795F0-7790-4B44-BD60-651E4EA4D0A3}.Debug|ARM.Build.0 = Debug|Any CPU
		{675795F0-7790-4B44-BD60-651E4EA4D0A3}.Debug|ARM.Deploy.0 = Debug|Any CPU
		{675795F0-7790-4B44-BD60-651E4EA4D0A3}.Debug|iPhone.ActiveCfg = Debug|Any CPU
		{675795F0-7790-4B44-BD60-651E4EA4D0A3}.Debug|iPhone.Build.0 = Debug|Any CPU
		{675795F0-7790-4B44-BD60-651E4EA4D0A3}.Debug|iPhone.Deploy.0 = Debug|Any CPU
		{675795F0-7790-4B44-BD60-651E4EA4D0A3}.Debug|iPhoneSimulator.ActiveCfg = Debug|Any CPU
		{675795F0-7790-4B44-BD60-651E4EA4D0A3}.Debug|iPhoneSimulator.Build.0 = Debug|Any CPU
		{675795F0-7790-4B44-BD60-651E4EA4D0A3}.Debug|iPhoneSimulator.Deploy.0 = Debug|Any CPU
		{675795F0-7790-4B44-BD60-651E4EA4D0A3}.Debug|x64.ActiveCfg = Debug|Any CPU
		{675795F0-7790-4B44-BD60-651E4EA4D0A3}.Debug|x64.Build.0 = Debug|Any CPU
		{675795F0-7790-4B44-BD60-651E4EA4D0A3}.Debug|x64.Deploy.0 = Debug|Any CPU
		{675795F0-7790-4B44-BD60-651E4EA4D0A3}.Debug|x86.ActiveCfg = Debug|Any CPU
		{675795F0-7790-4B44-BD60-651E4EA4D0A3}.Debug|x86.Build.0 = Debug|Any CPU
		{675795F0-7790-4B44-BD60-651E4EA4D0A3}.Debug|x86.Deploy.0 = Debug|Any CPU
		{675795F0-7790-4B44-BD60-651E4EA4D0A3}.Release|Any CPU.ActiveCfg = Release|Any CPU
		{675795F0-7790-4B44-BD60-651E4EA4D0A3}.Release|Any CPU.Build.0 = Release|Any CPU
		{675795F0-7790-4B44-BD60-651E4EA4D0A3}.Release|Any CPU.Deploy.0 = Release|Any CPU
		{675795F0-7790-4B44-BD60-651E4EA4D0A3}.Release|ARM.ActiveCfg = Release|Any CPU
		{675795F0-7790-4B44-BD60-651E4EA4D0A3}.Release|ARM.Build.0 = Release|Any CPU
		{675795F0-7790-4B44-BD60-651E4EA4D0A3}.Release|ARM.Deploy.0 = Release|Any CPU
		{675795F0-7790-4B44-BD60-651E4EA4D0A3}.Release|iPhone.ActiveCfg = Release|Any CPU
		{675795F0-7790-4B44-BD60-651E4EA4D0A3}.Release|iPhone.Build.0 = Release|Any CPU
		{675795F0-7790-4B44-BD60-651E4EA4D0A3}.Release|iPhone.Deploy.0 = Release|Any CPU
		{675795F0-7790-4B44-BD60-651E4EA4D0A3}.Release|iPhoneSimulator.ActiveCfg = Release|Any CPU
		{675795F0-7790-4B44-BD60-651E4EA4D0A3}.Release|iPhoneSimulator.Build.0 = Release|Any CPU
		{675795F0-7790-4B44-BD60-651E4EA4D0A3}.Release|iPhoneSimulator.Deploy.0 = Release|Any CPU
		{675795F0-7790-4B44-BD60-651E4EA4D0A3}.Release|x64.ActiveCfg = Release|Any CPU
		{675795F0-7790-4B44-BD60-651E4EA4D0A3}.Release|x64.Build.0 = Release|Any CPU
		{675795F0-7790-4B44-BD60-651E4EA4D0A3}.Release|x64.Deploy.0 = Release|Any CPU
		{675795F0-7790-4B44-BD60-651E4EA4D0A3}.Release|x86.ActiveCfg = Release|Any CPU
		{675795F0-7790-4B44-BD60-651E4EA4D0A3}.Release|x86.Build.0 = Release|Any CPU
		{675795F0-7790-4B44-BD60-651E4EA4D0A3}.Release|x86.Deploy.0 = Release|Any CPU
		{1EFA2A19-7D62-4530-9F5F-C99A87A7A1BB}.Ad-Hoc|Any CPU.ActiveCfg = Release|Any CPU
		{1EFA2A19-7D62-4530-9F5F-C99A87A7A1BB}.Ad-Hoc|Any CPU.Build.0 = Release|Any CPU
		{1EFA2A19-7D62-4530-9F5F-C99A87A7A1BB}.Ad-Hoc|ARM.ActiveCfg = Release|Any CPU
		{1EFA2A19-7D62-4530-9F5F-C99A87A7A1BB}.Ad-Hoc|ARM.Build.0 = Release|Any CPU
		{1EFA2A19-7D62-4530-9F5F-C99A87A7A1BB}.Ad-Hoc|iPhone.ActiveCfg = Release|Any CPU
		{1EFA2A19-7D62-4530-9F5F-C99A87A7A1BB}.Ad-Hoc|iPhone.Build.0 = Release|Any CPU
		{1EFA2A19-7D62-4530-9F5F-C99A87A7A1BB}.Ad-Hoc|iPhoneSimulator.ActiveCfg = Release|Any CPU
		{1EFA2A19-7D62-4530-9F5F-C99A87A7A1BB}.Ad-Hoc|iPhoneSimulator.Build.0 = Release|Any CPU
		{1EFA2A19-7D62-4530-9F5F-C99A87A7A1BB}.Ad-Hoc|x64.ActiveCfg = Release|Any CPU
		{1EFA2A19-7D62-4530-9F5F-C99A87A7A1BB}.Ad-Hoc|x64.Build.0 = Release|Any CPU
		{1EFA2A19-7D62-4530-9F5F-C99A87A7A1BB}.Ad-Hoc|x86.ActiveCfg = Release|Any CPU
		{1EFA2A19-7D62-4530-9F5F-C99A87A7A1BB}.Ad-Hoc|x86.Build.0 = Release|Any CPU
		{1EFA2A19-7D62-4530-9F5F-C99A87A7A1BB}.AppStore|Any CPU.ActiveCfg = Release|Any CPU
		{1EFA2A19-7D62-4530-9F5F-C99A87A7A1BB}.AppStore|Any CPU.Build.0 = Release|Any CPU
		{1EFA2A19-7D62-4530-9F5F-C99A87A7A1BB}.AppStore|ARM.ActiveCfg = Release|Any CPU
		{1EFA2A19-7D62-4530-9F5F-C99A87A7A1BB}.AppStore|ARM.Build.0 = Release|Any CPU
		{1EFA2A19-7D62-4530-9F5F-C99A87A7A1BB}.AppStore|iPhone.ActiveCfg = Release|Any CPU
		{1EFA2A19-7D62-4530-9F5F-C99A87A7A1BB}.AppStore|iPhone.Build.0 = Release|Any CPU
		{1EFA2A19-7D62-4530-9F5F-C99A87A7A1BB}.AppStore|iPhoneSimulator.ActiveCfg = Release|Any CPU
		{1EFA2A19-7D62-4530-9F5F-C99A87A7A1BB}.AppStore|iPhoneSimulator.Build.0 = Release|Any CPU
		{1EFA2A19-7D62-4530-9F5F-C99A87A7A1BB}.AppStore|x64.ActiveCfg = Release|Any CPU
		{1EFA2A19-7D62-4530-9F5F-C99A87A7A1BB}.AppStore|x64.Build.0 = Release|Any CPU
		{1EFA2A19-7D62-4530-9F5F-C99A87A7A1BB}.AppStore|x86.ActiveCfg = Release|Any CPU
		{1EFA2A19-7D62-4530-9F5F-C99A87A7A1BB}.AppStore|x86.Build.0 = Release|Any CPU
		{1EFA2A19-7D62-4530-9F5F-C99A87A7A1BB}.Debug|Any CPU.ActiveCfg = Debug|Any CPU
		{1EFA2A19-7D62-4530-9F5F-C99A87A7A1BB}.Debug|Any CPU.Build.0 = Debug|Any CPU
		{1EFA2A19-7D62-4530-9F5F-C99A87A7A1BB}.Debug|ARM.ActiveCfg = Debug|Any CPU
		{1EFA2A19-7D62-4530-9F5F-C99A87A7A1BB}.Debug|ARM.Build.0 = Debug|Any CPU
		{1EFA2A19-7D62-4530-9F5F-C99A87A7A1BB}.Debug|iPhone.ActiveCfg = Debug|Any CPU
		{1EFA2A19-7D62-4530-9F5F-C99A87A7A1BB}.Debug|iPhone.Build.0 = Debug|Any CPU
		{1EFA2A19-7D62-4530-9F5F-C99A87A7A1BB}.Debug|iPhoneSimulator.ActiveCfg = Debug|Any CPU
		{1EFA2A19-7D62-4530-9F5F-C99A87A7A1BB}.Debug|iPhoneSimulator.Build.0 = Debug|Any CPU
		{1EFA2A19-7D62-4530-9F5F-C99A87A7A1BB}.Debug|x64.ActiveCfg = Debug|Any CPU
		{1EFA2A19-7D62-4530-9F5F-C99A87A7A1BB}.Debug|x64.Build.0 = Debug|Any CPU
		{1EFA2A19-7D62-4530-9F5F-C99A87A7A1BB}.Debug|x86.ActiveCfg = Debug|Any CPU
		{1EFA2A19-7D62-4530-9F5F-C99A87A7A1BB}.Debug|x86.Build.0 = Debug|Any CPU
		{1EFA2A19-7D62-4530-9F5F-C99A87A7A1BB}.Release|Any CPU.ActiveCfg = Release|Any CPU
		{1EFA2A19-7D62-4530-9F5F-C99A87A7A1BB}.Release|Any CPU.Build.0 = Release|Any CPU
		{1EFA2A19-7D62-4530-9F5F-C99A87A7A1BB}.Release|ARM.ActiveCfg = Release|Any CPU
		{1EFA2A19-7D62-4530-9F5F-C99A87A7A1BB}.Release|ARM.Build.0 = Release|Any CPU
		{1EFA2A19-7D62-4530-9F5F-C99A87A7A1BB}.Release|iPhone.ActiveCfg = Release|Any CPU
		{1EFA2A19-7D62-4530-9F5F-C99A87A7A1BB}.Release|iPhone.Build.0 = Release|Any CPU
		{1EFA2A19-7D62-4530-9F5F-C99A87A7A1BB}.Release|iPhoneSimulator.ActiveCfg = Release|Any CPU
		{1EFA2A19-7D62-4530-9F5F-C99A87A7A1BB}.Release|iPhoneSimulator.Build.0 = Release|Any CPU
		{1EFA2A19-7D62-4530-9F5F-C99A87A7A1BB}.Release|x64.ActiveCfg = Release|Any CPU
		{1EFA2A19-7D62-4530-9F5F-C99A87A7A1BB}.Release|x64.Build.0 = Release|Any CPU
		{1EFA2A19-7D62-4530-9F5F-C99A87A7A1BB}.Release|x86.ActiveCfg = Release|Any CPU
		{1EFA2A19-7D62-4530-9F5F-C99A87A7A1BB}.Release|x86.Build.0 = Release|Any CPU
		{A2A5C190-0CA7-4C3C-BA96-37C8E68EEF55}.Ad-Hoc|Any CPU.ActiveCfg = Release|Any CPU
		{A2A5C190-0CA7-4C3C-BA96-37C8E68EEF55}.Ad-Hoc|Any CPU.Build.0 = Release|Any CPU
		{A2A5C190-0CA7-4C3C-BA96-37C8E68EEF55}.Ad-Hoc|ARM.ActiveCfg = Release|Any CPU
		{A2A5C190-0CA7-4C3C-BA96-37C8E68EEF55}.Ad-Hoc|ARM.Build.0 = Release|Any CPU
		{A2A5C190-0CA7-4C3C-BA96-37C8E68EEF55}.Ad-Hoc|iPhone.ActiveCfg = Release|Any CPU
		{A2A5C190-0CA7-4C3C-BA96-37C8E68EEF55}.Ad-Hoc|iPhone.Build.0 = Release|Any CPU
		{A2A5C190-0CA7-4C3C-BA96-37C8E68EEF55}.Ad-Hoc|iPhoneSimulator.ActiveCfg = Release|Any CPU
		{A2A5C190-0CA7-4C3C-BA96-37C8E68EEF55}.Ad-Hoc|iPhoneSimulator.Build.0 = Release|Any CPU
		{A2A5C190-0CA7-4C3C-BA96-37C8E68EEF55}.Ad-Hoc|x64.ActiveCfg = Release|Any CPU
		{A2A5C190-0CA7-4C3C-BA96-37C8E68EEF55}.Ad-Hoc|x64.Build.0 = Release|Any CPU
		{A2A5C190-0CA7-4C3C-BA96-37C8E68EEF55}.Ad-Hoc|x86.ActiveCfg = Release|Any CPU
		{A2A5C190-0CA7-4C3C-BA96-37C8E68EEF55}.Ad-Hoc|x86.Build.0 = Release|Any CPU
		{A2A5C190-0CA7-4C3C-BA96-37C8E68EEF55}.AppStore|Any CPU.ActiveCfg = Release|Any CPU
		{A2A5C190-0CA7-4C3C-BA96-37C8E68EEF55}.AppStore|Any CPU.Build.0 = Release|Any CPU
		{A2A5C190-0CA7-4C3C-BA96-37C8E68EEF55}.AppStore|ARM.ActiveCfg = Release|Any CPU
		{A2A5C190-0CA7-4C3C-BA96-37C8E68EEF55}.AppStore|ARM.Build.0 = Release|Any CPU
		{A2A5C190-0CA7-4C3C-BA96-37C8E68EEF55}.AppStore|iPhone.ActiveCfg = Release|Any CPU
		{A2A5C190-0CA7-4C3C-BA96-37C8E68EEF55}.AppStore|iPhone.Build.0 = Release|Any CPU
		{A2A5C190-0CA7-4C3C-BA96-37C8E68EEF55}.AppStore|iPhoneSimulator.ActiveCfg = Release|Any CPU
		{A2A5C190-0CA7-4C3C-BA96-37C8E68EEF55}.AppStore|iPhoneSimulator.Build.0 = Release|Any CPU
		{A2A5C190-0CA7-4C3C-BA96-37C8E68EEF55}.AppStore|x64.ActiveCfg = Release|Any CPU
		{A2A5C190-0CA7-4C3C-BA96-37C8E68EEF55}.AppStore|x64.Build.0 = Release|Any CPU
		{A2A5C190-0CA7-4C3C-BA96-37C8E68EEF55}.AppStore|x86.ActiveCfg = Release|Any CPU
		{A2A5C190-0CA7-4C3C-BA96-37C8E68EEF55}.AppStore|x86.Build.0 = Release|Any CPU
		{A2A5C190-0CA7-4C3C-BA96-37C8E68EEF55}.Debug|Any CPU.ActiveCfg = Debug|Any CPU
		{A2A5C190-0CA7-4C3C-BA96-37C8E68EEF55}.Debug|Any CPU.Build.0 = Debug|Any CPU
		{A2A5C190-0CA7-4C3C-BA96-37C8E68EEF55}.Debug|ARM.ActiveCfg = Debug|Any CPU
		{A2A5C190-0CA7-4C3C-BA96-37C8E68EEF55}.Debug|ARM.Build.0 = Debug|Any CPU
		{A2A5C190-0CA7-4C3C-BA96-37C8E68EEF55}.Debug|iPhone.ActiveCfg = Debug|Any CPU
		{A2A5C190-0CA7-4C3C-BA96-37C8E68EEF55}.Debug|iPhone.Build.0 = Debug|Any CPU
		{A2A5C190-0CA7-4C3C-BA96-37C8E68EEF55}.Debug|iPhoneSimulator.ActiveCfg = Debug|Any CPU
		{A2A5C190-0CA7-4C3C-BA96-37C8E68EEF55}.Debug|iPhoneSimulator.Build.0 = Debug|Any CPU
		{A2A5C190-0CA7-4C3C-BA96-37C8E68EEF55}.Debug|x64.ActiveCfg = Debug|Any CPU
		{A2A5C190-0CA7-4C3C-BA96-37C8E68EEF55}.Debug|x64.Build.0 = Debug|Any CPU
		{A2A5C190-0CA7-4C3C-BA96-37C8E68EEF55}.Debug|x86.ActiveCfg = Debug|Any CPU
		{A2A5C190-0CA7-4C3C-BA96-37C8E68EEF55}.Debug|x86.Build.0 = Debug|Any CPU
		{A2A5C190-0CA7-4C3C-BA96-37C8E68EEF55}.Release|Any CPU.ActiveCfg = Release|Any CPU
		{A2A5C190-0CA7-4C3C-BA96-37C8E68EEF55}.Release|Any CPU.Build.0 = Release|Any CPU
		{A2A5C190-0CA7-4C3C-BA96-37C8E68EEF55}.Release|ARM.ActiveCfg = Release|Any CPU
		{A2A5C190-0CA7-4C3C-BA96-37C8E68EEF55}.Release|ARM.Build.0 = Release|Any CPU
		{A2A5C190-0CA7-4C3C-BA96-37C8E68EEF55}.Release|iPhone.ActiveCfg = Release|Any CPU
		{A2A5C190-0CA7-4C3C-BA96-37C8E68EEF55}.Release|iPhone.Build.0 = Release|Any CPU
		{A2A5C190-0CA7-4C3C-BA96-37C8E68EEF55}.Release|iPhoneSimulator.ActiveCfg = Release|Any CPU
		{A2A5C190-0CA7-4C3C-BA96-37C8E68EEF55}.Release|iPhoneSimulator.Build.0 = Release|Any CPU
		{A2A5C190-0CA7-4C3C-BA96-37C8E68EEF55}.Release|x64.ActiveCfg = Release|Any CPU
		{A2A5C190-0CA7-4C3C-BA96-37C8E68EEF55}.Release|x64.Build.0 = Release|Any CPU
		{A2A5C190-0CA7-4C3C-BA96-37C8E68EEF55}.Release|x86.ActiveCfg = Release|Any CPU
		{A2A5C190-0CA7-4C3C-BA96-37C8E68EEF55}.Release|x86.Build.0 = Release|Any CPU
		{E6329D8B-DD02-4315-8F49-45CBA79E638C}.Ad-Hoc|Any CPU.ActiveCfg = Release|Any CPU
		{E6329D8B-DD02-4315-8F49-45CBA79E638C}.Ad-Hoc|Any CPU.Build.0 = Release|Any CPU
		{E6329D8B-DD02-4315-8F49-45CBA79E638C}.Ad-Hoc|ARM.ActiveCfg = Release|Any CPU
		{E6329D8B-DD02-4315-8F49-45CBA79E638C}.Ad-Hoc|ARM.Build.0 = Release|Any CPU
		{E6329D8B-DD02-4315-8F49-45CBA79E638C}.Ad-Hoc|iPhone.ActiveCfg = Release|Any CPU
		{E6329D8B-DD02-4315-8F49-45CBA79E638C}.Ad-Hoc|iPhone.Build.0 = Release|Any CPU
		{E6329D8B-DD02-4315-8F49-45CBA79E638C}.Ad-Hoc|iPhoneSimulator.ActiveCfg = Release|Any CPU
		{E6329D8B-DD02-4315-8F49-45CBA79E638C}.Ad-Hoc|iPhoneSimulator.Build.0 = Release|Any CPU
		{E6329D8B-DD02-4315-8F49-45CBA79E638C}.Ad-Hoc|x64.ActiveCfg = Release|Any CPU
		{E6329D8B-DD02-4315-8F49-45CBA79E638C}.Ad-Hoc|x64.Build.0 = Release|Any CPU
		{E6329D8B-DD02-4315-8F49-45CBA79E638C}.Ad-Hoc|x86.ActiveCfg = Release|Any CPU
		{E6329D8B-DD02-4315-8F49-45CBA79E638C}.Ad-Hoc|x86.Build.0 = Release|Any CPU
		{E6329D8B-DD02-4315-8F49-45CBA79E638C}.AppStore|Any CPU.ActiveCfg = Release|Any CPU
		{E6329D8B-DD02-4315-8F49-45CBA79E638C}.AppStore|Any CPU.Build.0 = Release|Any CPU
		{E6329D8B-DD02-4315-8F49-45CBA79E638C}.AppStore|ARM.ActiveCfg = Release|Any CPU
		{E6329D8B-DD02-4315-8F49-45CBA79E638C}.AppStore|ARM.Build.0 = Release|Any CPU
		{E6329D8B-DD02-4315-8F49-45CBA79E638C}.AppStore|iPhone.ActiveCfg = Release|Any CPU
		{E6329D8B-DD02-4315-8F49-45CBA79E638C}.AppStore|iPhone.Build.0 = Release|Any CPU
		{E6329D8B-DD02-4315-8F49-45CBA79E638C}.AppStore|iPhoneSimulator.ActiveCfg = Release|Any CPU
		{E6329D8B-DD02-4315-8F49-45CBA79E638C}.AppStore|iPhoneSimulator.Build.0 = Release|Any CPU
		{E6329D8B-DD02-4315-8F49-45CBA79E638C}.AppStore|x64.ActiveCfg = Release|Any CPU
		{E6329D8B-DD02-4315-8F49-45CBA79E638C}.AppStore|x64.Build.0 = Release|Any CPU
		{E6329D8B-DD02-4315-8F49-45CBA79E638C}.AppStore|x86.ActiveCfg = Release|Any CPU
		{E6329D8B-DD02-4315-8F49-45CBA79E638C}.AppStore|x86.Build.0 = Release|Any CPU
		{E6329D8B-DD02-4315-8F49-45CBA79E638C}.Debug|Any CPU.ActiveCfg = Debug|Any CPU
		{E6329D8B-DD02-4315-8F49-45CBA79E638C}.Debug|Any CPU.Build.0 = Debug|Any CPU
		{E6329D8B-DD02-4315-8F49-45CBA79E638C}.Debug|ARM.ActiveCfg = Debug|Any CPU
		{E6329D8B-DD02-4315-8F49-45CBA79E638C}.Debug|ARM.Build.0 = Debug|Any CPU
		{E6329D8B-DD02-4315-8F49-45CBA79E638C}.Debug|iPhone.ActiveCfg = Debug|Any CPU
		{E6329D8B-DD02-4315-8F49-45CBA79E638C}.Debug|iPhone.Build.0 = Debug|Any CPU
		{E6329D8B-DD02-4315-8F49-45CBA79E638C}.Debug|iPhoneSimulator.ActiveCfg = Debug|Any CPU
		{E6329D8B-DD02-4315-8F49-45CBA79E638C}.Debug|iPhoneSimulator.Build.0 = Debug|Any CPU
		{E6329D8B-DD02-4315-8F49-45CBA79E638C}.Debug|x64.ActiveCfg = Debug|Any CPU
		{E6329D8B-DD02-4315-8F49-45CBA79E638C}.Debug|x64.Build.0 = Debug|Any CPU
		{E6329D8B-DD02-4315-8F49-45CBA79E638C}.Debug|x86.ActiveCfg = Debug|Any CPU
		{E6329D8B-DD02-4315-8F49-45CBA79E638C}.Debug|x86.Build.0 = Debug|Any CPU
		{E6329D8B-DD02-4315-8F49-45CBA79E638C}.Release|Any CPU.ActiveCfg = Release|Any CPU
		{E6329D8B-DD02-4315-8F49-45CBA79E638C}.Release|Any CPU.Build.0 = Release|Any CPU
		{E6329D8B-DD02-4315-8F49-45CBA79E638C}.Release|ARM.ActiveCfg = Release|Any CPU
		{E6329D8B-DD02-4315-8F49-45CBA79E638C}.Release|ARM.Build.0 = Release|Any CPU
		{E6329D8B-DD02-4315-8F49-45CBA79E638C}.Release|iPhone.ActiveCfg = Release|Any CPU
		{E6329D8B-DD02-4315-8F49-45CBA79E638C}.Release|iPhone.Build.0 = Release|Any CPU
		{E6329D8B-DD02-4315-8F49-45CBA79E638C}.Release|iPhoneSimulator.ActiveCfg = Release|Any CPU
		{E6329D8B-DD02-4315-8F49-45CBA79E638C}.Release|iPhoneSimulator.Build.0 = Release|Any CPU
		{E6329D8B-DD02-4315-8F49-45CBA79E638C}.Release|x64.ActiveCfg = Release|Any CPU
		{E6329D8B-DD02-4315-8F49-45CBA79E638C}.Release|x64.Build.0 = Release|Any CPU
		{E6329D8B-DD02-4315-8F49-45CBA79E638C}.Release|x86.ActiveCfg = Release|Any CPU
		{E6329D8B-DD02-4315-8F49-45CBA79E638C}.Release|x86.Build.0 = Release|Any CPU
		{18BA974C-AE85-4AA1-8508-C9289F5EF040}.Ad-Hoc|Any CPU.ActiveCfg = Release|Any CPU
		{18BA974C-AE85-4AA1-8508-C9289F5EF040}.Ad-Hoc|Any CPU.Build.0 = Release|Any CPU
		{18BA974C-AE85-4AA1-8508-C9289F5EF040}.Ad-Hoc|ARM.ActiveCfg = Release|Any CPU
		{18BA974C-AE85-4AA1-8508-C9289F5EF040}.Ad-Hoc|ARM.Build.0 = Release|Any CPU
		{18BA974C-AE85-4AA1-8508-C9289F5EF040}.Ad-Hoc|iPhone.ActiveCfg = Release|Any CPU
		{18BA974C-AE85-4AA1-8508-C9289F5EF040}.Ad-Hoc|iPhone.Build.0 = Release|Any CPU
		{18BA974C-AE85-4AA1-8508-C9289F5EF040}.Ad-Hoc|iPhoneSimulator.ActiveCfg = Release|Any CPU
		{18BA974C-AE85-4AA1-8508-C9289F5EF040}.Ad-Hoc|iPhoneSimulator.Build.0 = Release|Any CPU
		{18BA974C-AE85-4AA1-8508-C9289F5EF040}.Ad-Hoc|x64.ActiveCfg = Release|Any CPU
		{18BA974C-AE85-4AA1-8508-C9289F5EF040}.Ad-Hoc|x64.Build.0 = Release|Any CPU
		{18BA974C-AE85-4AA1-8508-C9289F5EF040}.Ad-Hoc|x86.ActiveCfg = Release|Any CPU
		{18BA974C-AE85-4AA1-8508-C9289F5EF040}.Ad-Hoc|x86.Build.0 = Release|Any CPU
		{18BA974C-AE85-4AA1-8508-C9289F5EF040}.AppStore|Any CPU.ActiveCfg = Release|Any CPU
		{18BA974C-AE85-4AA1-8508-C9289F5EF040}.AppStore|Any CPU.Build.0 = Release|Any CPU
		{18BA974C-AE85-4AA1-8508-C9289F5EF040}.AppStore|ARM.ActiveCfg = Release|Any CPU
		{18BA974C-AE85-4AA1-8508-C9289F5EF040}.AppStore|ARM.Build.0 = Release|Any CPU
		{18BA974C-AE85-4AA1-8508-C9289F5EF040}.AppStore|iPhone.ActiveCfg = Release|Any CPU
		{18BA974C-AE85-4AA1-8508-C9289F5EF040}.AppStore|iPhone.Build.0 = Release|Any CPU
		{18BA974C-AE85-4AA1-8508-C9289F5EF040}.AppStore|iPhoneSimulator.ActiveCfg = Release|Any CPU
		{18BA974C-AE85-4AA1-8508-C9289F5EF040}.AppStore|iPhoneSimulator.Build.0 = Release|Any CPU
		{18BA974C-AE85-4AA1-8508-C9289F5EF040}.AppStore|x64.ActiveCfg = Release|Any CPU
		{18BA974C-AE85-4AA1-8508-C9289F5EF040}.AppStore|x64.Build.0 = Release|Any CPU
		{18BA974C-AE85-4AA1-8508-C9289F5EF040}.AppStore|x86.ActiveCfg = Release|Any CPU
		{18BA974C-AE85-4AA1-8508-C9289F5EF040}.AppStore|x86.Build.0 = Release|Any CPU
		{18BA974C-AE85-4AA1-8508-C9289F5EF040}.Debug|Any CPU.ActiveCfg = Debug|Any CPU
		{18BA974C-AE85-4AA1-8508-C9289F5EF040}.Debug|Any CPU.Build.0 = Debug|Any CPU
		{18BA974C-AE85-4AA1-8508-C9289F5EF040}.Debug|ARM.ActiveCfg = Debug|Any CPU
		{18BA974C-AE85-4AA1-8508-C9289F5EF040}.Debug|ARM.Build.0 = Debug|Any CPU
		{18BA974C-AE85-4AA1-8508-C9289F5EF040}.Debug|iPhone.ActiveCfg = Debug|Any CPU
		{18BA974C-AE85-4AA1-8508-C9289F5EF040}.Debug|iPhone.Build.0 = Debug|Any CPU
		{18BA974C-AE85-4AA1-8508-C9289F5EF040}.Debug|iPhoneSimulator.ActiveCfg = Debug|Any CPU
		{18BA974C-AE85-4AA1-8508-C9289F5EF040}.Debug|iPhoneSimulator.Build.0 = Debug|Any CPU
		{18BA974C-AE85-4AA1-8508-C9289F5EF040}.Debug|x64.ActiveCfg = Debug|Any CPU
		{18BA974C-AE85-4AA1-8508-C9289F5EF040}.Debug|x64.Build.0 = Debug|Any CPU
		{18BA974C-AE85-4AA1-8508-C9289F5EF040}.Debug|x86.ActiveCfg = Debug|Any CPU
		{18BA974C-AE85-4AA1-8508-C9289F5EF040}.Debug|x86.Build.0 = Debug|Any CPU
		{18BA974C-AE85-4AA1-8508-C9289F5EF040}.Release|Any CPU.ActiveCfg = Release|Any CPU
		{18BA974C-AE85-4AA1-8508-C9289F5EF040}.Release|Any CPU.Build.0 = Release|Any CPU
		{18BA974C-AE85-4AA1-8508-C9289F5EF040}.Release|ARM.ActiveCfg = Release|Any CPU
		{18BA974C-AE85-4AA1-8508-C9289F5EF040}.Release|ARM.Build.0 = Release|Any CPU
		{18BA974C-AE85-4AA1-8508-C9289F5EF040}.Release|iPhone.ActiveCfg = Release|Any CPU
		{18BA974C-AE85-4AA1-8508-C9289F5EF040}.Release|iPhone.Build.0 = Release|Any CPU
		{18BA974C-AE85-4AA1-8508-C9289F5EF040}.Release|iPhoneSimulator.ActiveCfg = Release|Any CPU
		{18BA974C-AE85-4AA1-8508-C9289F5EF040}.Release|iPhoneSimulator.Build.0 = Release|Any CPU
		{18BA974C-AE85-4AA1-8508-C9289F5EF040}.Release|x64.ActiveCfg = Release|Any CPU
		{18BA974C-AE85-4AA1-8508-C9289F5EF040}.Release|x64.Build.0 = Release|Any CPU
		{18BA974C-AE85-4AA1-8508-C9289F5EF040}.Release|x86.ActiveCfg = Release|Any CPU
		{18BA974C-AE85-4AA1-8508-C9289F5EF040}.Release|x86.Build.0 = Release|Any CPU
	EndGlobalSection
	GlobalSection(SolutionProperties) = preSolution
		HideSolutionNode = FALSE
	EndGlobalSection
	GlobalSection(ExtensibilityGlobals) = postSolution
		SolutionGuid = {3320475C-A5D8-4CD0-AE25-010AE741422A}
	EndGlobalSection
EndGlobal
